
Microsoft Visual Studio Solution File, Format Version 12.00
# Visual Studio Version 17
VisualStudioVersion = 17.8.34511.84
MinimumVisualStudioVersion = 10.0.40219.1
Project("{FAE04EC0-301F-11D3-BF4B-00C04F79EFBC}") = "MvcCoreCrudDepartamentos", "MvcCoreCrudDepartamentos\MvcCoreCrudDepartamentos.csproj", "{50653C6D-0233-4BD2-B992-DDF4F256EF46}"
EndProject
Global
	GlobalSection(SolutionConfigurationPlatforms) = preSolution
		Debug|Any CPU = Debug|Any CPU
		Release|Any CPU = Release|Any CPU
	EndGlobalSection
	GlobalSection(ProjectConfigurationPlatforms) = postSolution
		{50653C6D-0233-4BD2-B992-DDF4F256EF46}.Debug|Any CPU.ActiveCfg = Debug|Any CPU
		{50653C6D-0233-4BD2-B992-DDF4F256EF46}.Debug|Any CPU.Build.0 = Debug|Any CPU
		{50653C6D-0233-4BD2-B992-DDF4F256EF46}.Release|Any CPU.ActiveCfg = Release|Any CPU
		{50653C6D-0233-4BD2-B992-DDF4F256EF46}.Release|Any CPU.Build.0 = Release|Any CPU
	EndGlobalSection
	GlobalSection(SolutionProperties) = preSolution
		HideSolutionNode = FALSE
	EndGlobalSection
	GlobalSection(ExtensibilityGlobals) = postSolution
		SolutionGuid = {10289A7C-6ACC-40EF-9AD6-089BFEE6FF75}
	EndGlobalSection
EndGlobal
